
Microsoft Visual Studio Solution File, Format Version 12.00
# Visual Studio 14
VisualStudioVersion = 14.0.23107.0
MinimumVisualStudioVersion = 10.0.40219.1
Project("{FAE04EC0-301F-11D3-BF4B-00C04F79EFBC}") = "46026_final", "46026_final\46026_final.csproj", "{FAD539CA-9AFC-4E50-8BF7-EFB30616E153}"
EndProject
Global
	GlobalSection(SolutionConfigurationPlatforms) = preSolution
		Debug|Any CPU = Debug|Any CPU
		Release|Any CPU = Release|Any CPU
	EndGlobalSection
	GlobalSection(ProjectConfigurationPlatforms) = postSolution
		{FAD539CA-9AFC-4E50-8BF7-EFB30616E153}.Debug|Any CPU.ActiveCfg = Debug|Any CPU
		{FAD539CA-9AFC-4E50-8BF7-EFB30616E153}.Debug|Any CPU.Build.0 = Debug|Any CPU
		{FAD539CA-9AFC-4E50-8BF7-EFB30616E153}.Release|Any CPU.ActiveCfg = Release|Any CPU
		{FAD539CA-9AFC-4E50-8BF7-EFB30616E153}.Release|Any CPU.Build.0 = Release|Any CPU
	EndGlobalSection
	GlobalSection(SolutionProperties) = preSolution
		HideSolutionNode = FALSE
	EndGlobalSection
EndGlobal
